
Microsoft Visual Studio Solution File, Format Version 12.00
# Visual Studio Version 17
VisualStudioVersion = 17.0.31903.59
MinimumVisualStudioVersion = 10.0.40219.1
Project("{2150E333-8FDC-42A3-9474-1A3956D46DE8}") = "src", "src", "{A8DC0B27-E781-4E80-B694-041000A56AFE}"
EndProject
Project("{FAE04EC0-301F-11D3-BF4B-00C04F79EFBC}") = "App", "src\App\App.csproj", "{53171B33-58E1-41EA-B7A3-9DD60EF95109}"
EndProject
Global
	GlobalSection(SolutionConfigurationPlatforms) = preSolution
		Debug|Any CPU = Debug|Any CPU
		Release|Any CPU = Release|Any CPU
	EndGlobalSection
	GlobalSection(SolutionProperties) = preSolution
		HideSolutionNode = FALSE
	EndGlobalSection
	GlobalSection(ProjectConfigurationPlatforms) = postSolution
		{53171B33-58E1-41EA-B7A3-9DD60EF95109}.Debug|Any CPU.ActiveCfg = Debug|Any CPU
		{53171B33-58E1-41EA-B7A3-9DD60EF95109}.Debug|Any CPU.Build.0 = Debug|Any CPU
		{53171B33-58E1-41EA-B7A3-9DD60EF95109}.Release|Any CPU.ActiveCfg = Release|Any CPU
		{53171B33-58E1-41EA-B7A3-9DD60EF95109}.Release|Any CPU.Build.0 = Release|Any CPU
	EndGlobalSection
	GlobalSection(NestedProjects) = preSolution
		{53171B33-58E1-41EA-B7A3-9DD60EF95109} = {A8DC0B27-E781-4E80-B694-041000A56AFE}
	EndGlobalSection
EndGlobal
